{
  "version": "2",
  "remote": {
    "https://deno.land/std@0.177.1/_util/asserts.ts": "178dfc49a464aee693a7e285567b3d0b555dc805ff490505a8aae34f9cfb1462",
    "https://deno.land/std@0.177.1/bytes/copy.ts": "939d89e302a9761dcf1d9c937c7711174ed74c59eef40a1e4569a05c9de88219",
    "https://deno.land/std@0.177.1/fmt/colors.ts": "938c5d44d889fb82eff6c358bea8baa7e85950a16c9f6dae3ec3a7a729164471",
    "https://deno.land/std@0.177.1/fs/exists.ts": "b8c8a457b71e9d7f29b9d2f87aad8dba2739cbe637e8926d6ba6e92567875f8e",
    "https://deno.land/std@0.177.1/io/buf_writer.ts": "759c69d304b04d2909976f2a03a24a107276fbd81ed13593c5c2d43d104b52f3",
    "https://deno.land/std@0.177.1/io/buffer.ts": "e2b7564f684dad625cab08f5106f33572d325705d19a36822b3272fbdfb8f726",
    "https://deno.land/std@0.177.1/log/handlers.ts": "38871ecbfa67b0d39dc3384210439ac9a13cba6118b912236f9011b5989b9a4d",
    "https://deno.land/std@0.177.1/log/levels.ts": "6309147664e9e008cd6671610f2505c4c95f181f6bae4816a84b33e0aec66859",
    "https://deno.land/std@0.177.1/log/logger.ts": "257ceb47e3f5f872068073de9809b015a7400e8d86dd40563c1d80169e578f71",
    "https://deno.land/std@0.177.1/log/mod.ts": "36d156ad18de3f1806c6ddafa4965129be99ccafc27f1813de528d65b6c528bf",
    "https://deno.land/std@0.177.1/types.d.ts": "220ed56662a0bd393ba5d124aa6ae2ad36a00d2fcbc0e8666a65f4606aaa9784",
    "https://deno.land/x/otel_common_api@v1.0.0/attribute-collection.ts": "84d7a3b97052e5665005490e456e3595c00a04c1b8fc97786ceef437c4dca9b2",
    "https://deno.land/x/otel_common_api@v1.0.0/attribute.ts": "822647e28bdcb6cd443a8b1c125735481137371a31c781653a49f9919d0ab813",
    "https://deno.land/x/otel_common_api@v1.0.0/mod.ts": "8076d3db31a9da50c616f4608a54b1fd0286d476831cd6c45ba96dc638966a1d",
    "https://deno.land/x/otel_common_api@v1.1.0/attribute-collection.ts": "84d7a3b97052e5665005490e456e3595c00a04c1b8fc97786ceef437c4dca9b2",
    "https://deno.land/x/otel_common_api@v1.1.0/attribute.ts": "822647e28bdcb6cd443a8b1c125735481137371a31c781653a49f9919d0ab813",
    "https://deno.land/x/otel_common_api@v1.1.0/exporter.ts": "630d96a17ec1798a91316c58db44524ca0bbb7445f1944e0b75e1e5495207967",
    "https://deno.land/x/otel_common_api@v1.1.0/mod.ts": "5d0a3b82422067a96488b015bf91b8510015cb0c7e53c934e2dc2e64c4326649",
    "https://deno.land/x/otel_common_api@v1.1.1/attribute.ts": "822647e28bdcb6cd443a8b1c125735481137371a31c781653a49f9919d0ab813",
    "https://deno.land/x/otel_common_api@v1.1.1/attributes.ts": "ddb29188c5d692653117529113b7f00f76c4674962b1be596c97bb1c0f59cd08",
    "https://deno.land/x/otel_common_api@v1.1.1/exporter.ts": "630d96a17ec1798a91316c58db44524ca0bbb7445f1944e0b75e1e5495207967",
    "https://deno.land/x/otel_common_api@v1.1.1/mod.ts": "4be24912aa6a90d740abdfb88de39ff609c2007fa8d431620e6e0b01c8fc688f",
    "https://deno.land/x/otel_context_api@v1.0.0/context-api.ts": "01c394d31f4cdcebd182422a16d4a4f3512c0a2cb3def722fb3acd7bc5420e7d",
    "https://deno.land/x/otel_context_api@v1.0.0/context.ts": "1bd38915b87668edb933547082260dafddb37345cf972b7975120dd1f3ef3b48",
    "https://deno.land/x/otel_context_api@v1.0.0/mod.ts": "d02471454de0eb98a1d397c01bf81eba50072d3c5f0eb59f63985c2e3d49ed6b",
    "https://deno.land/x/otel_context_api@v1.2.2/context-api.ts": "01c394d31f4cdcebd182422a16d4a4f3512c0a2cb3def722fb3acd7bc5420e7d",
    "https://deno.land/x/otel_context_api@v1.2.2/context-builder.ts": "b6cba7112cd156ef3b990c70c9ab1308bad4b63f243644acb84ee6eb3ce22811",
    "https://deno.land/x/otel_context_api@v1.2.2/context.ts": "c7100289a432a9965e97e2c6e5f039f446a1fd7d53c20de8db02cc832ee98864",
    "https://deno.land/x/otel_context_api@v1.2.2/mod.ts": "a6a01fdb8c8d9fdc180881b5567d0129f4cabe4ce5174925573281e9aebb3ba1",
    "https://deno.land/x/otel_text_map_propagator@v1.0.2/composite-propagator.ts": "e2db48f64077f4ab9e84e6ae684b6118f0f3442d64ea1d04629058b3ce99568c",
    "https://deno.land/x/otel_text_map_propagator@v1.0.2/deps.ts": "315e44d2e30c3533fc1fddc5661638ffeb5a017d023f5b47e9382b2f83c49b70",
    "https://deno.land/x/otel_text_map_propagator@v1.0.2/mod.ts": "c25fb49f2391f44749acb9d3e55b59a4a7976a2db389989d513e47b2da7b2c66",
    "https://deno.land/x/otel_text_map_propagator@v1.0.2/no-op-text-map-propagator.ts": "59cde1ee8aa4e4445e6f19fc2f43c3004997437c57afe4c586dc897848777240",
    "https://deno.land/x/otel_text_map_propagator@v1.0.2/text-map-propagator.ts": "1b024c30070d3db7ab6ddeeed4d69e764e877d4df87f26aa2c67f139631ff7df",
    "https://deno.land/x/otel_tracing_api@v0.0.3/context.ts": "1fc10d4559e53ca1a629e810a4f14c1615cee67ef61f1ff00a00c528e6fe3e66",
    "https://deno.land/x/otel_tracing_api@v0.0.3/deps.ts": "2753b62b02132076f0ccd7518a58c048dba38bc69e1ddb3284a7f9687f40bdc7",
    "https://deno.land/x/otel_tracing_api@v0.0.3/span-api.ts": "a597a680be4cc96df4eb942b4a4430641f7a33247c9130d2d3ebbeff24556d5e",
    "https://deno.land/x/otel_tracing_api@v0.0.3/span-context.ts": "01dc5b086ff2f1451d859b4981d87a4b1c6427c3fe26af3934a8bdce2e65e1cb",
    "https://deno.land/x/otel_tracing_api@v0.0.3/span-event.ts": "ff5dc23b03fe8167fcf2850f942768365daf89aa3811cc17efe20302f90b3c65",
    "https://deno.land/x/otel_tracing_api@v0.0.3/span-kind.ts": "b1f13e41f251f36c673d0121c4a9750f6849d3ec232644a0f9f3e19c22069231",
    "https://deno.land/x/otel_tracing_api@v0.0.3/span-link.ts": "b9f4de746a8a3ad7847fb3c5ee3cdad5ebd4f6cc4054504402425220d8e81ee6",
    "https://deno.land/x/otel_tracing_api@v0.0.3/span-status.ts": "b23b5eeeb8c96f064652c2aed6032801fb3180293730a3b1123c9002525fb309",
    "https://deno.land/x/otel_tracing_api@v0.0.3/types.ts": "c67f7a074b9357ff189fdb7162daf65ee8bf558c4cfd6fe7238555f68f0d5e2a",
    "https://deno.land/x/otel_tracing_api@v2.2.2/context.ts": "8d8668966875c618bbc116c6a9d9b25dc24028e045a0c901ad9059c5d6ef1205",
    "https://deno.land/x/otel_tracing_api@v2.2.2/deps.ts": "55daf6d92cc965692b3e3daac64cd84cd7521fd205cba187c9f657864506e99e",
    "https://deno.land/x/otel_tracing_api@v2.2.2/mod.ts": "e7248c98001afbfa48e9af58145db405f706bee0dfecd1e82ad2b460779bd3c5",
    "https://deno.land/x/otel_tracing_api@v2.2.2/span-api.ts": "f282ae266826d20010c9248c7eedd3680530afe19de039f8cbb7b37104c67a7c",
    "https://deno.land/x/otel_tracing_api@v2.2.2/span-context.ts": "298d3e80b11a6495b63381876e429dd218821da50fe20fb8d29f912dec7b9e1a",
    "https://deno.land/x/otel_tracing_api@v2.2.2/span-event.ts": "e81ea513a6c2f4185e7403703ec251b238bde3649f2d08d690b538f802d1d95d",
    "https://deno.land/x/otel_tracing_api@v2.2.2/span-kind.ts": "0d99fd7baa398c64195e23c37454ea164b36a3fe040924bd87269a12d621f285",
    "https://deno.land/x/otel_tracing_api@v2.2.2/span-link.ts": "c0db61fae5ae6166ef7a40393fb5fa5c585d349c6b9cde96a23bd39519ebb190",
    "https://deno.land/x/otel_tracing_api@v2.2.2/span-status.ts": "77a12c3f9febc0547a3e9e55d7d3b3fa19faf2dc5cf76f50d76bcbf1ede6d8ad",
    "https://deno.land/x/otel_tracing_api@v2.2.2/tracer-provider.ts": "8c8223ca54050bee5f1ab032bdb5a71b3d593fac271dc642e6431d5073c66e69",
    "https://deno.land/x/otel_tracing_api@v2.2.2/tracer.ts": "1aeb177f419bb8573dcddacc3bb70d59ace4f4e51ced2fbe31b75594f75e5862",
    "https://deno.land/x/otel_tracing_api@v2.2.2/types.ts": "692bf905c844f697422d6ccc4b194bb7f78a369fee2541f435a95b8bcf5722a8",
    "https://deno.land/x/otel_tracing_api@v4.0.0/context.ts": "8d8668966875c618bbc116c6a9d9b25dc24028e045a0c901ad9059c5d6ef1205",
    "https://deno.land/x/otel_tracing_api@v4.0.0/deps.ts": "8c851864257393853a5b08e6e460afb0cc884ccf19395559c66d2f95258b2133",
    "https://deno.land/x/otel_tracing_api@v4.0.0/mod.ts": "e7248c98001afbfa48e9af58145db405f706bee0dfecd1e82ad2b460779bd3c5",
    "https://deno.land/x/otel_tracing_api@v4.0.0/span-api.ts": "c24be05c60a7649a3db10a3974863c7ae63b9e779aa3867d9b978a6ed804d872",
    "https://deno.land/x/otel_tracing_api@v4.0.0/span-context.ts": "88d01861230d46969b80eefc9f3ea7bb7eb978c750c34471b8a5f5412cc768c1",
    "https://deno.land/x/otel_tracing_api@v4.0.0/span-event.ts": "e81ea513a6c2f4185e7403703ec251b238bde3649f2d08d690b538f802d1d95d",
    "https://deno.land/x/otel_tracing_api@v4.0.0/span-kind.ts": "0d99fd7baa398c64195e23c37454ea164b36a3fe040924bd87269a12d621f285",
    "https://deno.land/x/otel_tracing_api@v4.0.0/span-link.ts": "c0db61fae5ae6166ef7a40393fb5fa5c585d349c6b9cde96a23bd39519ebb190",
    "https://deno.land/x/otel_tracing_api@v4.0.0/span-status.ts": "77a12c3f9febc0547a3e9e55d7d3b3fa19faf2dc5cf76f50d76bcbf1ede6d8ad",
    "https://deno.land/x/otel_tracing_api@v4.0.0/tracer-provider.ts": "8c8223ca54050bee5f1ab032bdb5a71b3d593fac271dc642e6431d5073c66e69",
    "https://deno.land/x/otel_tracing_api@v4.0.0/tracer.ts": "1aeb177f419bb8573dcddacc3bb70d59ace4f4e51ced2fbe31b75594f75e5862",
    "https://deno.land/x/otel_tracing_api@v4.0.0/types.ts": "692bf905c844f697422d6ccc4b194bb7f78a369fee2541f435a95b8bcf5722a8",
    "https://deno.land/x/otel_tracing_api@v4.0.0/util.ts": "408601bfcec891282a12e889eef34c31ec24341ced49b4ea136d7362de6f8f57",
    "https://deno.land/x/w3_trace_context@v1.2.0/buffer-to-hexstring.ts": "92b04794834d8789a8025be84e99864f9ed94c3dbce8eeedf9bacbea4c100a5f",
    "https://deno.land/x/w3_trace_context@v1.2.0/deps.ts": "95fb3a61260f2b879a1251b025146df45912a46982aa1cd14307b5398e245e1d",
    "https://deno.land/x/w3_trace_context@v1.2.0/exceptions/invalid-error.ts": "c597016b961b91bf068f6d6f03bae2382947cd01a45ec428636586091e0253b0",
    "https://deno.land/x/w3_trace_context@v1.2.0/exceptions/unparseable-error.ts": "0efd5acae6bc0448758234bba324ebd6ccf15295ff764bbfb022bc8b448f7a3d",
    "https://deno.land/x/w3_trace_context@v1.2.0/mod.ts": "42db0d6aa0152f0f35acec54e6ceb61ef78217b3e9fb534533dd997e6252496d",
    "https://deno.land/x/w3_trace_context@v1.2.0/parse-trace-parent.ts": "8b69c79e15a093608a6014ba2120dd0865518cb6f575a23f37b6b791f1cf856e",
    "https://deno.land/x/w3_trace_context@v1.2.0/trace-context.ts": "31138fcfc5bfa9482e97e2401ba00fa3887562918b9fd07eef3e449615bb1e89",
    "https://deno.land/x/w3_trace_context@v1.2.0/trace-flags.ts": "a8f1ce4dafb5aeca1ffd9a15b41f4309336cde539b228edcb231a3165fce609c",
    "https://deno.land/x/w3_trace_context@v1.2.0/typed-array-from-hexstring.ts": "319f9fa837b76c7f577e116ae63b54ef7dc85fdb84d6a6572857f7093f9b40e1",
    "https://deno.land/x/w3_trace_context@v1.2.0/w3-trace-context.ts": "1909222ddc5406fa523a97abe6e2f75443f91f8ccba9e2e7b072187a140f4f5f",
    "https://deno.land/x/w3_trace_id_generator@v1.0.0/generate-id.ts": "20994f578a16259c4023fea365b9ae9f8eab35b2c62064d8ca8628fe0ee5c329",
    "https://deno.land/x/w3_trace_id_generator@v1.0.0/id-generator.ts": "bd5225491b2a07ab5c7db47bdba6f76362e4e50a74aa8bacca14e5831429d858",
    "https://deno.land/x/w3_trace_id_generator@v1.0.0/mod.ts": "c67f2d140426df4fa99973a85d6fe7c6d989ca395984716983d354a4f8359dfc",
    "https://deno.land/x/w3_trace_id_generator@v1.0.0/simple-id-generator.ts": "e9d105e15317582c44067ac48f14783081984d2fb2015195995bd1d9f4061def",
    "https://deno.land/x/w3_trace_id_generator@v1.0.1/generate-id.ts": "20994f578a16259c4023fea365b9ae9f8eab35b2c62064d8ca8628fe0ee5c329",
    "https://deno.land/x/w3_trace_id_generator@v1.0.1/id-generator.ts": "bd5225491b2a07ab5c7db47bdba6f76362e4e50a74aa8bacca14e5831429d858",
    "https://deno.land/x/w3_trace_id_generator@v1.0.1/mod.ts": "c67f2d140426df4fa99973a85d6fe7c6d989ca395984716983d354a4f8359dfc",
    "https://deno.land/x/w3_trace_id_generator@v1.0.1/simple-id-generator.ts": "e9d105e15317582c44067ac48f14783081984d2fb2015195995bd1d9f4061def",
    "https://deno.land/x/w3_trace_state@v1.1.0/mod.ts": "f062fecf7debc53edf7976c5a3d3b0fd329f14ba03021b27ac739872aec76cf3",
    "https://deno.land/x/w3_trace_state@v1.1.0/trace_state.ts": "c79ef1ce5a7673099c086ee059b73d865ce68f2b88fbeaa85774e618880db13c"
  }
}
